// !$*UTF8*$!
{
	archiveVersion = 1;
	classes = {
	};
	objectVersion = 55;
	objects = {

/* Begin PBXBuildFile section */
		BE31462228AF8DB7006C38EE /* MainQueueDecorator.swift in Sources */ = {isa = PBXBuildFile; fileRef = BE31462128AF8DB7006C38EE /* MainQueueDecorator.swift */; };
		BE31462428AF909F006C38EE /* PicsumAPIProxy.swift in Sources */ = {isa = PBXBuildFile; fileRef = BE31462328AF909F006C38EE /* PicsumAPIProxy.swift */; };
		BE442FDD28AE4935001729A5 /* ImageGalleryApp.swift in Sources */ = {isa = PBXBuildFile; fileRef = BE442FDC28AE4935001729A5 /* ImageGalleryApp.swift */; };
		BE442FDF28AE4935001729A5 /* HomeView.swift in Sources */ = {isa = PBXBuildFile; fileRef = BE442FDE28AE4935001729A5 /* HomeView.swift */; };
		BE442FE128AE4935001729A5 /* Assets.xcassets in Resources */ = {isa = PBXBuildFile; fileRef = BE442FE028AE4935001729A5 /* Assets.xcassets */; };
		BE442FE428AE4935001729A5 /* Preview Assets.xcassets in Resources */ = {isa = PBXBuildFile; fileRef = BE442FE328AE4935001729A5 /* Preview Assets.xcassets */; };
		BE442FEC28AE4A04001729A5 /* ImageRow.swift in Sources */ = {isa = PBXBuildFile; fileRef = BE442FEB28AE4A04001729A5 /* ImageRow.swift */; };
		BE442FF128AE4DCF001729A5 /* PicsumAPI.swift in Sources */ = {isa = PBXBuildFile; fileRef = BE442FF028AE4DCF001729A5 /* PicsumAPI.swift */; };
		BE442FF328AE4DF9001729A5 /* EndPoint.swift in Sources */ = {isa = PBXBuildFile; fileRef = BE442FF228AE4DF9001729A5 /* EndPoint.swift */; };
		BE442FF528AE4F8F001729A5 /* NetworkError.swift in Sources */ = {isa = PBXBuildFile; fileRef = BE442FF428AE4F8F001729A5 /* NetworkError.swift */; };
		BE442FF728AE501B001729A5 /* ImageModel.swift in Sources */ = {isa = PBXBuildFile; fileRef = BE442FF628AE501B001729A5 /* ImageModel.swift */; };
		BE442FFA28AE5345001729A5 /* HomeViewModel.swift in Sources */ = {isa = PBXBuildFile; fileRef = BE442FF928AE5345001729A5 /* HomeViewModel.swift */; };
		BE442FFC28AE5373001729A5 /* HttpClient.swift in Sources */ = {isa = PBXBuildFile; fileRef = BE442FFB28AE5373001729A5 /* HttpClient.swift */; };
		BE44300128AE58C8001729A5 /* DataCache.swift in Sources */ = {isa = PBXBuildFile; fileRef = BE44300028AE58C8001729A5 /* DataCache.swift */; };
		BE51AF6228B0CF6F009D102B /* ImageDetailView.swift in Sources */ = {isa = PBXBuildFile; fileRef = BE51AF6128B0CF6F009D102B /* ImageDetailView.swift */; };
		BE51AF6428B0D301009D102B /* ImageDetailViewModel.swift in Sources */ = {isa = PBXBuildFile; fileRef = BE51AF6328B0D301009D102B /* ImageDetailViewModel.swift */; };
/* End PBXBuildFile section */

/* Begin PBXFileReference section */
		BE31462128AF8DB7006C38EE /* MainQueueDecorator.swift */ = {isa = PBXFileReference; lastKnownFileType = sourcecode.swift; path = MainQueueDecorator.swift; sourceTree = "<group>"; };
		BE31462328AF909F006C38EE /* PicsumAPIProxy.swift */ = {isa = PBXFileReference; lastKnownFileType = sourcecode.swift; path = PicsumAPIProxy.swift; sourceTree = "<group>"; };
		BE442FD928AE4935001729A5 /* ImageGallery.app */ = {isa = PBXFileReference; explicitFileType = wrapper.application; includeInIndex = 0; path = ImageGallery.app; sourceTree = BUILT_PRODUCTS_DIR; };
		BE442FDC28AE4935001729A5 /* ImageGalleryApp.swift */ = {isa = PBXFileReference; lastKnownFileType = sourcecode.swift; path = ImageGalleryApp.swift; sourceTree = "<group>"; };
		BE442FDE28AE4935001729A5 /* HomeView.swift */ = {isa = PBXFileReference; lastKnownFileType = sourcecode.swift; path = HomeView.swift; sourceTree = "<group>"; };
		BE442FE028AE4935001729A5 /* Assets.xcassets */ = {isa = PBXFileReference; lastKnownFileType = folder.assetcatalog; path = Assets.xcassets; sourceTree = "<group>"; };
		BE442FE328AE4935001729A5 /* Preview Assets.xcassets */ = {isa = PBXFileReference; lastKnownFileType = folder.assetcatalog; path = "Preview Assets.xcassets"; sourceTree = "<group>"; };
		BE442FEB28AE4A04001729A5 /* ImageRow.swift */ = {isa = PBXFileReference; lastKnownFileType = sourcecode.swift; path = ImageRow.swift; sourceTree = "<group>"; };
		BE442FF028AE4DCF001729A5 /* PicsumAPI.swift */ = {isa = PBXFileReference; lastKnownFileType = sourcecode.swift; path = PicsumAPI.swift; sourceTree = "<group>"; };
		BE442FF228AE4DF9001729A5 /* EndPoint.swift */ = {isa = PBXFileReference; lastKnownFileType = sourcecode.swift; path = EndPoint.swift; sourceTree = "<group>"; };
		BE442FF428AE4F8F001729A5 /* NetworkError.swift */ = {isa = PBXFileReference; lastKnownFileType = sourcecode.swift; path = NetworkError.swift; sourceTree = "<group>"; };
		BE442FF628AE501B001729A5 /* ImageModel.swift */ = {isa = PBXFileReference; lastKnownFileType = sourcecode.swift; path = ImageModel.swift; sourceTree = "<group>"; };
		BE442FF928AE5345001729A5 /* HomeViewModel.swift */ = {isa = PBXFileReference; lastKnownFileType = sourcecode.swift; path = HomeViewModel.swift; sourceTree = "<group>"; };
		BE442FFB28AE5373001729A5 /* HttpClient.swift */ = {isa = PBXFileReference; lastKnownFileType = sourcecode.swift; path = HttpClient.swift; sourceTree = "<group>"; };
		BE44300028AE58C8001729A5 /* DataCache.swift */ = {isa = PBXFileReference; lastKnownFileType = sourcecode.swift; path = DataCache.swift; sourceTree = "<group>"; };
		BE51AF6128B0CF6F009D102B /* ImageDetailView.swift */ = {isa = PBXFileReference; lastKnownFileType = sourcecode.swift; path = ImageDetailView.swift; sourceTree = "<group>"; };
		BE51AF6328B0D301009D102B /* ImageDetailViewModel.swift */ = {isa = PBXFileReference; lastKnownFileType = sourcecode.swift; path = ImageDetailViewModel.swift; sourceTree = "<group>"; };
/* End PBXFileReference section */

/* Begin PBXFrameworksBuildPhase section */
		BE442FD628AE4935001729A5 /* Frameworks */ = {
			isa = PBXFrameworksBuildPhase;
			buildActionMask = 2147483647;
			files = (
			);
			runOnlyForDeploymentPostprocessing = 0;
		};
/* End PBXFrameworksBuildPhase section */

/* Begin PBXGroup section */
		BE31462028AF8D69006C38EE /* Decorators */ = {
			isa = PBXGroup;
			children = (
				BE31462128AF8DB7006C38EE /* MainQueueDecorator.swift */,
			);
			path = Decorators;
			sourceTree = "<group>";
		};
		BE31462528AFB366006C38EE /* Proxies */ = {
			isa = PBXGroup;
			children = (
				BE31462328AF909F006C38EE /* PicsumAPIProxy.swift */,
			);
			path = Proxies;
			sourceTree = "<group>";
		};
		BE442FD028AE4935001729A5 = {
			isa = PBXGroup;
			children = (
				BE442FDB28AE4935001729A5 /* ImageGallery */,
				BE442FDA28AE4935001729A5 /* Products */,
			);
			sourceTree = "<group>";
		};
		BE442FDA28AE4935001729A5 /* Products */ = {
			isa = PBXGroup;
			children = (
				BE442FD928AE4935001729A5 /* ImageGallery.app */,
			);
			name = Products;
			sourceTree = "<group>";
		};
		BE442FDB28AE4935001729A5 /* ImageGallery */ = {
			isa = PBXGroup;
			children = (
				BE442FDC28AE4935001729A5 /* ImageGalleryApp.swift */,
				BE442FEA28AE4993001729A5 /* Views */,
				BE44300228AE60F6001729A5 /* Models */,
				BE442FED28AE4D64001729A5 /* Networkings */,
				BE442FFF28AE58AB001729A5 /* Helpers */,
				BE442FE028AE4935001729A5 /* Assets.xcassets */,
				BE442FE228AE4935001729A5 /* Preview Content */,
			);
			path = ImageGallery;
			sourceTree = "<group>";
		};
		BE442FE228AE4935001729A5 /* Preview Content */ = {
			isa = PBXGroup;
			children = (
				BE442FE328AE4935001729A5 /* Preview Assets.xcassets */,
			);
			path = "Preview Content";
			sourceTree = "<group>";
		};
		BE442FEA28AE4993001729A5 /* Views */ = {
			isa = PBXGroup;
			children = (
				BE442FF828AE532B001729A5 /* ViewModels */,
				BE51AF6028B0CF4F009D102B /* Home */,
				BE51AF6528B0F405009D102B /* ImageDetail */,
			);
			path = Views;
			sourceTree = "<group>";
		};
		BE442FED28AE4D64001729A5 /* Networkings */ = {
			isa = PBXGroup;
			children = (
				BE442FF228AE4DF9001729A5 /* EndPoint.swift */,
				BE442FF428AE4F8F001729A5 /* NetworkError.swift */,
				BE442FFB28AE5373001729A5 /* HttpClient.swift */,
				BE442FF028AE4DCF001729A5 /* PicsumAPI.swift */,
			);
			path = Networkings;
			sourceTree = "<group>";
		};
		BE442FF828AE532B001729A5 /* ViewModels */ = {
			isa = PBXGroup;
			children = (
				BE442FF928AE5345001729A5 /* HomeViewModel.swift */,
				BE51AF6328B0D301009D102B /* ImageDetailViewModel.swift */,
			);
			path = ViewModels;
			sourceTree = "<group>";
		};
		BE442FFF28AE58AB001729A5 /* Helpers */ = {
			isa = PBXGroup;
			children = (
				BE31462028AF8D69006C38EE /* Decorators */,
				BE31462528AFB366006C38EE /* Proxies */,
				BE44300028AE58C8001729A5 /* DataCache.swift */,
			);
			path = Helpers;
			sourceTree = "<group>";
		};
		BE44300228AE60F6001729A5 /* Models */ = {
			isa = PBXGroup;
			children = (
				BE442FF628AE501B001729A5 /* ImageModel.swift */,
			);
			path = Models;
			sourceTree = "<group>";
		};
		BE51AF6028B0CF4F009D102B /* Home */ = {
			isa = PBXGroup;
			children = (
				BE442FDE28AE4935001729A5 /* HomeView.swift */,
				BE442FEB28AE4A04001729A5 /* ImageRow.swift */,
			);
			path = Home;
			sourceTree = "<group>";
		};
		BE51AF6528B0F405009D102B /* ImageDetail */ = {
			isa = PBXGroup;
			children = (
				BE51AF6128B0CF6F009D102B /* ImageDetailView.swift */,
			);
			path = ImageDetail;
			sourceTree = "<group>";
		};
/* End PBXGroup section */

/* Begin PBXNativeTarget section */
		BE442FD828AE4935001729A5 /* ImageGallery */ = {
			isa = PBXNativeTarget;
			buildConfigurationList = BE442FE728AE4935001729A5 /* Build configuration list for PBXNativeTarget "ImageGallery" */;
			buildPhases = (
				BE442FD528AE4935001729A5 /* Sources */,
				BE442FD628AE4935001729A5 /* Frameworks */,
				BE442FD728AE4935001729A5 /* Resources */,
			);
			buildRules = (
			);
			dependencies = (
			);
			name = ImageGallery;
			productName = ImageGallery;
			productReference = BE442FD928AE4935001729A5 /* ImageGallery.app */;
			productType = "com.apple.product-type.application";
		};
/* End PBXNativeTarget section */

/* Begin PBXProject section */
		BE442FD128AE4935001729A5 /* Project object */ = {
			isa = PBXProject;
			attributes = {
				BuildIndependentTargetsInParallel = 1;
				LastSwiftUpdateCheck = 1340;
				LastUpgradeCheck = 1340;
				TargetAttributes = {
					BE442FD828AE4935001729A5 = {
						CreatedOnToolsVersion = 13.4.1;
					};
				};
			};
			buildConfigurationList = BE442FD428AE4935001729A5 /* Build configuration list for PBXProject "ImageGallery" */;
			compatibilityVersion = "Xcode 13.0";
			developmentRegion = en;
			hasScannedForEncodings = 0;
			knownRegions = (
				en,
				Base,
			);
			mainGroup = BE442FD028AE4935001729A5;
			productRefGroup = BE442FDA28AE4935001729A5 /* Products */;
			projectDirPath = "";
			projectRoot = "";
			targets = (
				BE442FD828AE4935001729A5 /* ImageGallery */,
			);
		};
/* End PBXProject section */

/* Begin PBXResourcesBuildPhase section */
		BE442FD728AE4935001729A5 /* Resources */ = {
			isa = PBXResourcesBuildPhase;
			buildActionMask = 2147483647;
			files = (
				BE442FE428AE4935001729A5 /* Preview Assets.xcassets in Resources */,
				BE442FE128AE4935001729A5 /* Assets.xcassets in Resources */,
			);
			runOnlyForDeploymentPostprocessing = 0;
		};
/* End PBXResourcesBuildPhase section */

/* Begin PBXSourcesBuildPhase section */
		BE442FD528AE4935001729A5 /* Sources */ = {
			isa = PBXSourcesBuildPhase;
			buildActionMask = 2147483647;
			files = (
				BE51AF6428B0D301009D102B /* ImageDetailViewModel.swift in Sources */,
				BE442FF728AE501B001729A5 /* ImageModel.swift in Sources */,
				BE51AF6228B0CF6F009D102B /* ImageDetailView.swift in Sources */,
				BE442FDF28AE4935001729A5 /* HomeView.swift in Sources */,
				BE442FF128AE4DCF001729A5 /* PicsumAPI.swift in Sources */,
				BE442FFA28AE5345001729A5 /* HomeViewModel.swift in Sources */,
				BE442FFC28AE5373001729A5 /* HttpClient.swift in Sources */,
				BE31462428AF909F006C38EE /* PicsumAPIProxy.swift in Sources */,
				BE442FF328AE4DF9001729A5 /* EndPoint.swift in Sources */,
				BE442FF528AE4F8F001729A5 /* NetworkError.swift in Sources */,
				BE31462228AF8DB7006C38EE /* MainQueueDecorator.swift in Sources */,
				BE442FDD28AE4935001729A5 /* ImageGalleryApp.swift in Sources */,
				BE44300128AE58C8001729A5 /* DataCache.swift in Sources */,
				BE442FEC28AE4A04001729A5 /* ImageRow.swift in Sources */,
			);
			runOnlyForDeploymentPostprocessing = 0;
		};
/* End PBXSourcesBuildPhase section */

/* Begin XCBuildConfiguration section */
		BE442FE528AE4935001729A5 /* Debug */ = {
			isa = XCBuildConfiguration;
			buildSettings = {
				ALWAYS_SEARCH_USER_PATHS = NO;
				CLANG_ANALYZER_NONNULL = YES;
				CLANG_ANALYZER_NUMBER_OBJECT_CONVERSION = YES_AGGRESSIVE;
				CLANG_CXX_LANGUAGE_STANDARD = "gnu++17";
				CLANG_ENABLE_MODULES = YES;
				CLANG_ENABLE_OBJC_ARC = YES;
				CLANG_ENABLE_OBJC_WEAK = YES;
				CLANG_WARN_BLOCK_CAPTURE_AUTORELEASING = YES;
				CLANG_WARN_BOOL_CONVERSION = YES;
				CLANG_WARN_COMMA = YES;
				CLANG_WARN_CONSTANT_CONVERSION = YES;
				CLANG_WARN_DEPRECATED_OBJC_IMPLEMENTATIONS = YES;
				CLANG_WARN_DIRECT_OBJC_ISA_USAGE = YES_ERROR;
				CLANG_WARN_DOCUMENTATION_COMMENTS = YES;
				CLANG_WARN_EMPTY_BODY = YES;
				CLANG_WARN_ENUM_CONVERSION = YES;
				CLANG_WARN_INFINITE_RECURSION = YES;
				CLANG_WARN_INT_CONVERSION = YES;
				CLANG_WARN_NON_LITERAL_NULL_CONVERSION = YES;
				CLANG_WARN_OBJC_IMPLICIT_RETAIN_SELF = YES;
				CLANG_WARN_OBJC_LITERAL_CONVERSION = YES;
				CLANG_WARN_OBJC_ROOT_CLASS = YES_ERROR;
				CLANG_WARN_QUOTED_INCLUDE_IN_FRAMEWORK_HEADER = YES;
				CLANG_WARN_RANGE_LOOP_ANALYSIS = YES;
				CLANG_WARN_STRICT_PROTOTYPES = YES;
				CLANG_WARN_SUSPICIOUS_MOVE = YES;
				CLANG_WARN_UNGUARDED_AVAILABILITY = YES_AGGRESSIVE;
				CLANG_WARN_UNREACHABLE_CODE = YES;
				CLANG_WARN__DUPLICATE_METHOD_MATCH = YES;
				COPY_PHASE_STRIP = NO;
				DEBUG_INFORMATION_FORMAT = dwarf;
				ENABLE_STRICT_OBJC_MSGSEND = YES;
				ENABLE_TESTABILITY = YES;
				GCC_C_LANGUAGE_STANDARD = gnu11;
				GCC_DYNAMIC_NO_PIC = NO;
				GCC_NO_COMMON_BLOCKS = YES;
				GCC_OPTIMIZATION_LEVEL = 0;
				GCC_PREPROCESSOR_DEFINITIONS = (
					"DEBUG=1",
					"$(inherited)",
				);
				GCC_WARN_64_TO_32_BIT_CONVERSION = YES;
				GCC_WARN_ABOUT_RETURN_TYPE = YES_ERROR;
				GCC_WARN_UNDECLARED_SELECTOR = YES;
				GCC_WARN_UNINITIALIZED_AUTOS = YES_AGGRESSIVE;
				GCC_WARN_UNUSED_FUNCTION = YES;
				GCC_WARN_UNUSED_VARIABLE = YES;
				IPHONEOS_DEPLOYMENT_TARGET = 14.0;
				MTL_ENABLE_DEBUG_INFO = INCLUDE_SOURCE;
				MTL_FAST_MATH = YES;
				ONLY_ACTIVE_ARCH = YES;
				SDKROOT = iphoneos;
				SWIFT_ACTIVE_COMPILATION_CONDITIONS = DEBUG;
				SWIFT_OPTIMIZATION_LEVEL = "-Onone";
			};
			name = Debug;
		};
		BE442FE628AE4935001729A5 /* Release */ = {
			isa = XCBuildConfiguration;
			buildSettings = {
				ALWAYS_SEARCH_USER_PATHS = NO;
				CLANG_ANALYZER_NONNULL = YES;
				CLANG_ANALYZER_NUMBER_OBJECT_CONVERSION = YES_AGGRESSIVE;
				CLANG_CXX_LANGUAGE_STANDARD = "gnu++17";
				CLANG_ENABLE_MODULES = YES;
				CLANG_ENABLE_OBJC_ARC = YES;
				CLANG_ENABLE_OBJC_WEAK = YES;
				CLANG_WARN_BLOCK_CAPTURE_AUTORELEASING = YES;
				CLANG_WARN_BOOL_CONVERSION = YES;
				CLANG_WARN_COMMA = YES;
				CLANG_WARN_CONSTANT_CONVERSION = YES;
				CLANG_WARN_DEPRECATED_OBJC_IMPLEMENTATIONS = YES;
				CLANG_WARN_DIRECT_OBJC_ISA_USAGE = YES_ERROR;
				CLANG_WARN_DOCUMENTATION_COMMENTS = YES;
				CLANG_WARN_EMPTY_BODY = YES;
				CLANG_WARN_ENUM_CONVERSION = YES;
				CLANG_WARN_INFINITE_RECURSION = YES;
				CLANG_WARN_INT_CONVERSION = YES;
				CLANG_WARN_NON_LITERAL_NULL_CONVERSION = YES;
				CLANG_WARN_OBJC_IMPLICIT_RETAIN_SELF = YES;
				CLANG_WARN_OBJC_LITERAL_CONVERSION = YES;
				CLANG_WARN_OBJC_ROOT_CLASS = YES_ERROR;
				CLANG_WARN_QUOTED_INCLUDE_IN_FRAMEWORK_HEADER = YES;
				CLANG_WARN_RANGE_LOOP_ANALYSIS = YES;
				CLANG_WARN_STRICT_PROTOTYPES = YES;
				CLANG_WARN_SUSPICIOUS_MOVE = YES;
				CLANG_WARN_UNGUARDED_AVAILABILITY = YES_AGGRESSIVE;
				CLANG_WARN_UNREACHABLE_CODE = YES;
				CLANG_WARN__DUPLICATE_METHOD_MATCH = YES;
				COPY_PHASE_STRIP = NO;
				DEBUG_INFORMATION_FORMAT = "dwarf-with-dsym";
				ENABLE_NS_ASSERTIONS = NO;
				ENABLE_STRICT_OBJC_MSGSEND = YES;
				GCC_C_LANGUAGE_STANDARD = gnu11;
				GCC_NO_COMMON_BLOCKS = YES;
				GCC_WARN_64_TO_32_BIT_CONVERSION = YES;
				GCC_WARN_ABOUT_RETURN_TYPE = YES_ERROR;
				GCC_WARN_UNDECLARED_SELECTOR = YES;
				GCC_WARN_UNINITIALIZED_AUTOS = YES_AGGRESSIVE;
				GCC_WARN_UNUSED_FUNCTION = YES;
				GCC_WARN_UNUSED_VARIABLE = YES;
				IPHONEOS_DEPLOYMENT_TARGET = 14.0;
				MTL_ENABLE_DEBUG_INFO = NO;
				MTL_FAST_MATH = YES;
				SDKROOT = iphoneos;
				SWIFT_COMPILATION_MODE = wholemodule;
				SWIFT_OPTIMIZATION_LEVEL = "-O";
				VALIDATE_PRODUCT = YES;
			};
			name = Release;
		};
		BE442FE828AE4935001729A5 /* Debug */ = {
			isa = XCBuildConfiguration;
			buildSettings = {
				ASSETCATALOG_COMPILER_APPICON_NAME = AppIcon;
				ASSETCATALOG_COMPILER_GLOBAL_ACCENT_COLOR_NAME = AccentColor;
				CODE_SIGN_STYLE = Automatic;
				CURRENT_PROJECT_VERSION = 1;
				DEVELOPMENT_ASSET_PATHS = "\"ImageGallery/Preview Content\"";
				DEVELOPMENT_TEAM = DV4M5VPD3C;
				ENABLE_PREVIEWS = YES;
				GENERATE_INFOPLIST_FILE = YES;
				INFOPLIST_KEY_UIApplicationSceneManifest_Generation = YES;
				INFOPLIST_KEY_UIApplicationSupportsIndirectInputEvents = YES;
				INFOPLIST_KEY_UILaunchScreen_Generation = YES;
				INFOPLIST_KEY_UISupportedInterfaceOrientations = UIInterfaceOrientationPortrait;
				INFOPLIST_KEY_UISupportedInterfaceOrientations_iPad = "UIInterfaceOrientationPortrait UIInterfaceOrientationPortraitUpsideDown UIInterfaceOrientationLandscapeLeft UIInterfaceOrientationLandscapeRight";
				INFOPLIST_KEY_UISupportedInterfaceOrientations_iPhone = "UIInterfaceOrientationPortrait UIInterfaceOrientationLandscapeLeft UIInterfaceOrientationLandscapeRight";
				IPHONEOS_DEPLOYMENT_TARGET = 14.0;
				LD_RUNPATH_SEARCH_PATHS = (
					"$(inherited)",
					"@executable_path/Frameworks",
				);
				MARKETING_VERSION = 1.0;
				PRODUCT_BUNDLE_IDENTIFIER = com.tszlung.ImageGallery;
				PRODUCT_NAME = "$(TARGET_NAME)";
				SWIFT_EMIT_LOC_STRINGS = YES;
				SWIFT_VERSION = 5.0;
				TARGETED_DEVICE_FAMILY = 1;
			};
			name = Debug;
		};
		BE442FE928AE4935001729A5 /* Release */ = {
			isa = XCBuildConfiguration;
			buildSettings = {
				ASSETCATALOG_COMPILER_APPICON_NAME = AppIcon;
				ASSETCATALOG_COMPILER_GLOBAL_ACCENT_COLOR_NAME = AccentColor;
				CODE_SIGN_STYLE = Automatic;
				CURRENT_PROJECT_VERSION = 1;
				DEVELOPMENT_ASSET_PATHS = "\"ImageGallery/Preview Content\"";
				DEVELOPMENT_TEAM = DV4M5VPD3C;
				ENABLE_PREVIEWS = YES;
				GENERATE_INFOPLIST_FILE = YES;
				INFOPLIST_KEY_UIApplicationSceneManifest_Generation = YES;
				INFOPLIST_KEY_UIApplicationSupportsIndirectInputEvents = YES;
				INFOPLIST_KEY_UILaunchScreen_Generation = YES;
				INFOPLIST_KEY_UISupportedInterfaceOrientations = UIInterfaceOrientationPortrait;
				INFOPLIST_KEY_UISupportedInterfaceOrientations_iPad = "UIInterfaceOrientationPortrait UIInterfaceOrientationPortraitUpsideDown UIInterfaceOrientationLandscapeLeft UIInterfaceOrientationLandscapeRight";
				INFOPLIST_KEY_UISupportedInterfaceOrientations_iPhone = "UIInterfaceOrientationPortrait UIInterfaceOrientationLandscapeLeft UIInterfaceOrientationLandscapeRight";
				IPHONEOS_DEPLOYMENT_TARGET = 14.0;
				LD_RUNPATH_SEARCH_PATHS = (
					"$(inherited)",
					"@executable_path/Frameworks",
				);
				MARKETING_VERSION = 1.0;
				PRODUCT_BUNDLE_IDENTIFIER = com.tszlung.ImageGallery;
				PRODUCT_NAME = "$(TARGET_NAME)";
				SWIFT_EMIT_LOC_STRINGS = YES;
				SWIFT_VERSION = 5.0;
				TARGETED_DEVICE_FAMILY = 1;
			};
			name = Release;
		};
/* End XCBuildConfiguration section */

/* Begin XCConfigurationList section */
		BE442FD428AE4935001729A5 /* Build configuration list for PBXProject "ImageGallery" */ = {
			isa = XCConfigurationList;
			buildConfigurations = (
				BE442FE528AE4935001729A5 /* Debug */,
				BE442FE628AE4935001729A5 /* Release */,
			);
			defaultConfigurationIsVisible = 0;
			defaultConfigurationName = Release;
		};
		BE442FE728AE4935001729A5 /* Build configuration list for PBXNativeTarget "ImageGallery" */ = {
			isa = XCConfigurationList;
			buildConfigurations = (
				BE442FE828AE4935001729A5 /* Debug */,
				BE442FE928AE4935001729A5 /* Release */,
			);
			defaultConfigurationIsVisible = 0;
			defaultConfigurationName = Release;
		};
/* End XCConfigurationList section */
	};
	rootObject = BE442FD128AE4935001729A5 /* Project object */;
}
